lockfileVersion: 5.4

specifiers:
  node-mpv: ^1.5.0
  ws: ^8.12.0

dependencies:
  node-mpv: 1.5.0
  ws: 8.12.0

packages:

  /asap/2.0.6:
    resolution: {integrity: sha512-BSHWgDSAiKs50o2Re8ppvp3seVHXSRM44cdSsT9FfNEUUZLOGWVCsiWaRPWM1Znn+mqZ1OfVZ3z3DWEzSp7hRA==}
    dev: false

  /browser-fingerprint/0.0.1:
    resolution: {integrity: sha512-b8SXP7yOlzLUJXF8WUvIjmbJzkJC0X6OHe7J9a/SHqEBC7a9Eglag6AANSTJz82h5U582kuxm/5TPudnD68EPA==}
    dev: false

  /core-js/1.2.7:
    resolution: {integrity: sha512-ZiPp9pZlgxpWRu0M+YWbm6+aQ84XEfH1JRXvfOc/fILWI0VKhLC2LX13X1NYq4fULzLMq7Hfh43CSo2/aIaUPA==}
    deprecated: core-js@<3.23.3 is no longer maintained and not recommended for usage due to the number of issues. Because of the V8 engine whims, feature detection in old core-js versions could cause a slowdown up to 100x even if nothing is polyfilled. Some versions have web compatibility issues. Please, upgrade your dependencies to the actual version of core-js.
    dev: false

  /cuid/1.3.8:
    resolution: {integrity: sha512-MoL67ZZuBetDMxzrZtO+Iq1ATajFACQCP52QRinBgd3yTjYdv54mJO8ibUrh06fojKCoX5P2i7KkEatm4VTIOQ==}
    deprecated: Cuid and other k-sortable and non-cryptographic ids (Ulid, ObjectId, KSUID, all UUIDs) are all insecure. Use @paralleldrive/cuid2 instead.
    dependencies:
      browser-fingerprint: 0.0.1
      core-js: 1.2.7
      node-fingerprint: 0.0.2
    dev: false

  /lodash/4.17.21:
    resolution: {integrity: sha512-v2kDEe57lecTulaDIuNTPy3Ry4gLGJ6Z1O3vE1krgXZNrsQ+LFTGHVxVjcXPs17LhbZVGedAJv8XZ1tvj5FvSg==}
    dev: false

  /node-fingerprint/0.0.2:
    resolution: {integrity: sha512-vPFfTD5EBJieQ4SI3v61fWxlV1kav3m9Dbejd6CjWhOJn8s+XMxpOOosCNAyIrUQ/jJOlPndfrZ0lSw4+RgwcA==}
    dev: false

  /node-mpv/1.5.0:
    resolution: {integrity: sha512-kvLo+PcWHZ/Sg7t9XeFDi5KJrNOL9XJOEljCEh5wBNOHiE6Wa/txwIsYWKmNaIFuncbEhgjnoOavE4T5YBNV8Q==}
    dependencies:
      cuid: 1.3.8
      lodash: 4.17.21
      promise: 7.3.1
    dev: false

  /promise/7.3.1:
    resolution: {integrity: sha512-nolQXZ/4L+bP/UGlkfaIujX9BKxGwmQ9OT4mOt5yvy8iK1h3wqTEJCijzGANTCCl9nWjY41juyAn2K3Q1hLLTg==}
    dependencies:
      asap: 2.0.6
    dev: false

  /ws/8.12.0:
    resolution: {integrity: sha512-kU62emKIdKVeEIOIKVegvqpXMSTAMLJozpHZaJNDYqBjzlSYXQGviYwN1osDLJ9av68qHd4a2oSjd7yD4pacig==}
    engines: {node: '>=10.0.0'}
    peerDependencies:
      bufferutil: ^4.0.1
      utf-8-validate: '>=5.0.2'
    peerDependenciesMeta:
      bufferutil:
        optional: true
      utf-8-validate:
        optional: true
    dev: false
